
Microsoft Visual Studio Solution File, Format Version 12.00
# Visual Studio Version 16
VisualStudioVersion = 16.0.31702.278
MinimumVisualStudioVersion = 10.0.40219.1
Project("{8BC9CEB8-8B4A-11D0-8D11-00A0C91BC942}") = "lab8.1_string", "lab8.1_string.vcxproj", "{39A4E418-DC75-4A21-A57A-31804E5113A7}"
EndProject
Global
	GlobalSection(SolutionConfigurationPlatforms) = preSolution
		Debug|x64 = Debug|x64
		Debug|x86 = Debug|x86
		Release|x64 = Release|x64
		Release|x86 = Release|x86
	EndGlobalSection
	GlobalSection(ProjectConfigurationPlatforms) = postSolution
		{39A4E418-DC75-4A21-A57A-31804E5113A7}.Debug|x64.ActiveCfg = Debug|x64
		{39A4E418-DC75-4A21-A57A-31804E5113A7}.Debug|x64.Build.0 = Debug|x64
		{39A4E418-DC75-4A21-A57A-31804E5113A7}.Debug|x86.ActiveCfg = Debug|Win32
		{39A4E418-DC75-4A21-A57A-31804E5113A7}.Debug|x86.Build.0 = Debug|Win32
		{39A4E418-DC75-4A21-A57A-31804E5113A7}.Release|x64.ActiveCfg = Release|x64
		{39A4E418-DC75-4A21-A57A-31804E5113A7}.Release|x64.Build.0 = Release|x64
		{39A4E418-DC75-4A21-A57A-31804E5113A7}.Release|x86.ActiveCfg = Release|Win32
		{39A4E418-DC75-4A21-A57A-31804E5113A7}.Release|x86.Build.0 = Release|Win32
	EndGlobalSection
	GlobalSection(SolutionProperties) = preSolution
		HideSolutionNode = FALSE
	EndGlobalSection
	GlobalSection(ExtensibilityGlobals) = postSolution
		SolutionGuid = {46BF18DC-B925-4506-BABF-D33462CC395A}
	EndGlobalSection
EndGlobal
